
Microsoft Visual Studio Solution File, Format Version 12.00
# Visual Studio 15
VisualStudioVersion = 15.0.26228.4
MinimumVisualStudioVersion = 10.0.40219.1
Project("{2150E333-8FDC-42A3-9474-1A3956D46DE8}") = "UI", "UI", "{4890AE76-138C-4CFA-B9A8-23AFFF8A1008}"
EndProject
Project("{2150E333-8FDC-42A3-9474-1A3956D46DE8}") = "Utils", "Utils", "{48CA0864-5D68-49EE-99AF-8A812B79ADA6}"
EndProject
Project("{2150E333-8FDC-42A3-9474-1A3956D46DE8}") = "Data", "Data", "{4E5CD38A-60AD-44FD-B912-3F5E499C67F0}"
EndProject
Project("{2150E333-8FDC-42A3-9474-1A3956D46DE8}") = "Operation", "Operation", "{FCA0BF1B-2341-4F53-9DB9-8A8AFCAECE67}"
EndProject
Project("{FAE04EC0-301F-11D3-BF4B-00C04F79EFBC}") = "AiErLan.Utils", "lib\AiErLan.Utils\AiErLan.Utils.csproj", "{5B4705CB-29B2-4AA7-8D5B-FB2F71DB83BA}"
EndProject
Project("{FAE04EC0-301F-11D3-BF4B-00C04F79EFBC}") = "AiErLan.Log", "lib\AiErLan.Log\AiErLan.Log.csproj", "{BA9E676A-7B15-4CDF-AB3B-39DF81F7EDFC}"
EndProject
Project("{FAE04EC0-301F-11D3-BF4B-00C04F79EFBC}") = "AiErLan.Data", "lib\AiErLan.Data\AiErLan.Data\AiErLan.Data.csproj", "{4E2D7246-A113-41BF-AE35-451C08521BA9}"
EndProject
Project("{FAE04EC0-301F-11D3-BF4B-00C04F79EFBC}") = "AiErLan.Web", "UI\AiErLan.Web\AiErLan.Web.csproj", "{04703A52-3CFF-4C83-ADFD-D3971248250F}"
EndProject
Project("{FAE04EC0-301F-11D3-BF4B-00C04F79EFBC}") = "AiErlan.DataHandle", "lib\AiErLan.Data\AiErlan.DataHandle\AiErlan.DataHandle.csproj", "{988CC3F0-D60D-4FE8-A549-1AB0252EEA2E}"
EndProject
Project("{FAE04EC0-301F-11D3-BF4B-00C04F79EFBC}") = "AiErLan.Config", "Operation\AiErlan.Config\AiErLan.Config.csproj", "{5EE1F1CA-FA05-4650-B9A0-CADA7D7B7588}"
EndProject
Project("{FAE04EC0-301F-11D3-BF4B-00C04F79EFBC}") = "AiErLan.Handle", "lib\AiErLan.Handle\AiErLan.Handle.csproj", "{0768CBB0-CE67-4160-8C2F-26F840052D1D}"
EndProject
Global
	GlobalSection(SolutionConfigurationPlatforms) = preSolution
		Debug|Any CPU = Debug|Any CPU
		Debug|ARM = Debug|ARM
		Debug|x64 = Debug|x64
		Debug|x86 = Debug|x86
		Release|Any CPU = Release|Any CPU
		Release|ARM = Release|ARM
		Release|x64 = Release|x64
		Release|x86 = Release|x86
	EndGlobalSection
	GlobalSection(ProjectConfigurationPlatforms) = postSolution
		{5B4705CB-29B2-4AA7-8D5B-FB2F71DB83BA}.Debug|Any CPU.ActiveCfg = Debug|Any CPU
		{5B4705CB-29B2-4AA7-8D5B-FB2F71DB83BA}.Debug|Any CPU.Build.0 = Debug|Any CPU
		{5B4705CB-29B2-4AA7-8D5B-FB2F71DB83BA}.Debug|ARM.ActiveCfg = Debug|Any CPU
		{5B4705CB-29B2-4AA7-8D5B-FB2F71DB83BA}.Debug|ARM.Build.0 = Debug|Any CPU
		{5B4705CB-29B2-4AA7-8D5B-FB2F71DB83BA}.Debug|x64.ActiveCfg = Debug|Any CPU
		{5B4705CB-29B2-4AA7-8D5B-FB2F71DB83BA}.Debug|x64.Build.0 = Debug|Any CPU
		{5B4705CB-29B2-4AA7-8D5B-FB2F71DB83BA}.Debug|x86.ActiveCfg = Debug|Any CPU
		{5B4705CB-29B2-4AA7-8D5B-FB2F71DB83BA}.Debug|x86.Build.0 = Debug|Any CPU
		{5B4705CB-29B2-4AA7-8D5B-FB2F71DB83BA}.Release|Any CPU.ActiveCfg = Release|Any CPU
		{5B4705CB-29B2-4AA7-8D5B-FB2F71DB83BA}.Release|Any CPU.Build.0 = Release|Any CPU
		{5B4705CB-29B2-4AA7-8D5B-FB2F71DB83BA}.Release|ARM.ActiveCfg = Release|Any CPU
		{5B4705CB-29B2-4AA7-8D5B-FB2F71DB83BA}.Release|ARM.Build.0 = Release|Any CPU
		{5B4705CB-29B2-4AA7-8D5B-FB2F71DB83BA}.Release|x64.ActiveCfg = Release|Any CPU
		{5B4705CB-29B2-4AA7-8D5B-FB2F71DB83BA}.Release|x64.Build.0 = Release|Any CPU
		{5B4705CB-29B2-4AA7-8D5B-FB2F71DB83BA}.Release|x86.ActiveCfg = Release|Any CPU
		{5B4705CB-29B2-4AA7-8D5B-FB2F71DB83BA}.Release|x86.Build.0 = Release|Any CPU
		{BA9E676A-7B15-4CDF-AB3B-39DF81F7EDFC}.Debug|Any CPU.ActiveCfg = Debug|Any CPU
		{BA9E676A-7B15-4CDF-AB3B-39DF81F7EDFC}.Debug|Any CPU.Build.0 = Debug|Any CPU
		{BA9E676A-7B15-4CDF-AB3B-39DF81F7EDFC}.Debug|ARM.ActiveCfg = Debug|Any CPU
		{BA9E676A-7B15-4CDF-AB3B-39DF81F7EDFC}.Debug|ARM.Build.0 = Debug|Any CPU
		{BA9E676A-7B15-4CDF-AB3B-39DF81F7EDFC}.Debug|x64.ActiveCfg = Debug|Any CPU
		{BA9E676A-7B15-4CDF-AB3B-39DF81F7EDFC}.Debug|x64.Build.0 = Debug|Any CPU
		{BA9E676A-7B15-4CDF-AB3B-39DF81F7EDFC}.Debug|x86.ActiveCfg = Debug|Any CPU
		{BA9E676A-7B15-4CDF-AB3B-39DF81F7EDFC}.Debug|x86.Build.0 = Debug|Any CPU
		{BA9E676A-7B15-4CDF-AB3B-39DF81F7EDFC}.Release|Any CPU.ActiveCfg = Release|Any CPU
		{BA9E676A-7B15-4CDF-AB3B-39DF81F7EDFC}.Release|Any CPU.Build.0 = Release|Any CPU
		{BA9E676A-7B15-4CDF-AB3B-39DF81F7EDFC}.Release|ARM.ActiveCfg = Release|Any CPU
		{BA9E676A-7B15-4CDF-AB3B-39DF81F7EDFC}.Release|ARM.Build.0 = Release|Any CPU
		{BA9E676A-7B15-4CDF-AB3B-39DF81F7EDFC}.Release|x64.ActiveCfg = Release|Any CPU
		{BA9E676A-7B15-4CDF-AB3B-39DF81F7EDFC}.Release|x64.Build.0 = Release|Any CPU
		{BA9E676A-7B15-4CDF-AB3B-39DF81F7EDFC}.Release|x86.ActiveCfg = Release|Any CPU
		{BA9E676A-7B15-4CDF-AB3B-39DF81F7EDFC}.Release|x86.Build.0 = Release|Any CPU
		{4E2D7246-A113-41BF-AE35-451C08521BA9}.Debug|Any CPU.ActiveCfg = Debug|Any CPU
		{4E2D7246-A113-41BF-AE35-451C08521BA9}.Debug|Any CPU.Build.0 = Debug|Any CPU
		{4E2D7246-A113-41BF-AE35-451C08521BA9}.Debug|ARM.ActiveCfg = Debug|Any CPU
		{4E2D7246-A113-41BF-AE35-451C08521BA9}.Debug|ARM.Build.0 = Debug|Any CPU
		{4E2D7246-A113-41BF-AE35-451C08521BA9}.Debug|x64.ActiveCfg = Debug|Any CPU
		{4E2D7246-A113-41BF-AE35-451C08521BA9}.Debug|x64.Build.0 = Debug|Any CPU
		{4E2D7246-A113-41BF-AE35-451C08521BA9}.Debug|x86.ActiveCfg = Debug|Any CPU
		{4E2D7246-A113-41BF-AE35-451C08521BA9}.Debug|x86.Build.0 = Debug|Any CPU
		{4E2D7246-A113-41BF-AE35-451C08521BA9}.Release|Any CPU.ActiveCfg = Release|Any CPU
		{4E2D7246-A113-41BF-AE35-451C08521BA9}.Release|Any CPU.Build.0 = Release|Any CPU
		{4E2D7246-A113-41BF-AE35-451C08521BA9}.Release|ARM.ActiveCfg = Release|Any CPU
		{4E2D7246-A113-41BF-AE35-451C08521BA9}.Release|ARM.Build.0 = Release|Any CPU
		{4E2D7246-A113-41BF-AE35-451C08521BA9}.Release|x64.ActiveCfg = Release|Any CPU
		{4E2D7246-A113-41BF-AE35-451C08521BA9}.Release|x64.Build.0 = Release|Any CPU
		{4E2D7246-A113-41BF-AE35-451C08521BA9}.Release|x86.ActiveCfg = Release|Any CPU
		{4E2D7246-A113-41BF-AE35-451C08521BA9}.Release|x86.Build.0 = Release|Any CPU
		{04703A52-3CFF-4C83-ADFD-D3971248250F}.Debug|Any CPU.ActiveCfg = Debug|Any CPU
		{04703A52-3CFF-4C83-ADFD-D3971248250F}.Debug|Any CPU.Build.0 = Debug|Any CPU
		{04703A52-3CFF-4C83-ADFD-D3971248250F}.Debug|ARM.ActiveCfg = Debug|Any CPU
		{04703A52-3CFF-4C83-ADFD-D3971248250F}.Debug|ARM.Build.0 = Debug|Any CPU
		{04703A52-3CFF-4C83-ADFD-D3971248250F}.Debug|x64.ActiveCfg = Debug|Any CPU
		{04703A52-3CFF-4C83-ADFD-D3971248250F}.Debug|x64.Build.0 = Debug|Any CPU
		{04703A52-3CFF-4C83-ADFD-D3971248250F}.Debug|x86.ActiveCfg = Debug|Any CPU
		{04703A52-3CFF-4C83-ADFD-D3971248250F}.Debug|x86.Build.0 = Debug|Any CPU
		{04703A52-3CFF-4C83-ADFD-D3971248250F}.Release|Any CPU.ActiveCfg = Release|Any CPU
		{04703A52-3CFF-4C83-ADFD-D3971248250F}.Release|Any CPU.Build.0 = Release|Any CPU
		{04703A52-3CFF-4C83-ADFD-D3971248250F}.Release|ARM.ActiveCfg = Release|Any CPU
		{04703A52-3CFF-4C83-ADFD-D3971248250F}.Release|ARM.Build.0 = Release|Any CPU
		{04703A52-3CFF-4C83-ADFD-D3971248250F}.Release|x64.ActiveCfg = Release|Any CPU
		{04703A52-3CFF-4C83-ADFD-D3971248250F}.Release|x64.Build.0 = Release|Any CPU
		{04703A52-3CFF-4C83-ADFD-D3971248250F}.Release|x86.ActiveCfg = Release|Any CPU
		{04703A52-3CFF-4C83-ADFD-D3971248250F}.Release|x86.Build.0 = Release|Any CPU
		{988CC3F0-D60D-4FE8-A549-1AB0252EEA2E}.Debug|Any CPU.ActiveCfg = Debug|Any CPU
		{988CC3F0-D60D-4FE8-A549-1AB0252EEA2E}.Debug|Any CPU.Build.0 = Debug|Any CPU
		{988CC3F0-D60D-4FE8-A549-1AB0252EEA2E}.Debug|ARM.ActiveCfg = Debug|Any CPU
		{988CC3F0-D60D-4FE8-A549-1AB0252EEA2E}.Debug|ARM.Build.0 = Debug|Any CPU
		{988CC3F0-D60D-4FE8-A549-1AB0252EEA2E}.Debug|x64.ActiveCfg = Debug|Any CPU
		{988CC3F0-D60D-4FE8-A549-1AB0252EEA2E}.Debug|x64.Build.0 = Debug|Any CPU
		{988CC3F0-D60D-4FE8-A549-1AB0252EEA2E}.Debug|x86.ActiveCfg = Debug|Any CPU
		{988CC3F0-D60D-4FE8-A549-1AB0252EEA2E}.Debug|x86.Build.0 = Debug|Any CPU
		{988CC3F0-D60D-4FE8-A549-1AB0252EEA2E}.Release|Any CPU.ActiveCfg = Release|Any CPU
		{988CC3F0-D60D-4FE8-A549-1AB0252EEA2E}.Release|Any CPU.Build.0 = Release|Any CPU
		{988CC3F0-D60D-4FE8-A549-1AB0252EEA2E}.Release|ARM.ActiveCfg = Release|Any CPU
		{988CC3F0-D60D-4FE8-A549-1AB0252EEA2E}.Release|ARM.Build.0 = Release|Any CPU
		{988CC3F0-D60D-4FE8-A549-1AB0252EEA2E}.Release|x64.ActiveCfg = Release|Any CPU
		{988CC3F0-D60D-4FE8-A549-1AB0252EEA2E}.Release|x64.Build.0 = Release|Any CPU
		{988CC3F0-D60D-4FE8-A549-1AB0252EEA2E}.Release|x86.ActiveCfg = Release|Any CPU
		{988CC3F0-D60D-4FE8-A549-1AB0252EEA2E}.Release|x86.Build.0 = Release|Any CPU
		{5EE1F1CA-FA05-4650-B9A0-CADA7D7B7588}.Debug|Any CPU.ActiveCfg = Debug|Any CPU
		{5EE1F1CA-FA05-4650-B9A0-CADA7D7B7588}.Debug|Any CPU.Build.0 = Debug|Any CPU
		{5EE1F1CA-FA05-4650-B9A0-CADA7D7B7588}.Debug|ARM.ActiveCfg = Debug|Any CPU
		{5EE1F1CA-FA05-4650-B9A0-CADA7D7B7588}.Debug|ARM.Build.0 = Debug|Any CPU
		{5EE1F1CA-FA05-4650-B9A0-CADA7D7B7588}.Debug|x64.ActiveCfg = Debug|Any CPU
		{5EE1F1CA-FA05-4650-B9A0-CADA7D7B7588}.Debug|x64.Build.0 = Debug|Any CPU
		{5EE1F1CA-FA05-4650-B9A0-CADA7D7B7588}.Debug|x86.ActiveCfg = Debug|Any CPU
		{5EE1F1CA-FA05-4650-B9A0-CADA7D7B7588}.Debug|x86.Build.0 = Debug|Any CPU
		{5EE1F1CA-FA05-4650-B9A0-CADA7D7B7588}.Release|Any CPU.ActiveCfg = Release|Any CPU
		{5EE1F1CA-FA05-4650-B9A0-CADA7D7B7588}.Release|Any CPU.Build.0 = Release|Any CPU
		{5EE1F1CA-FA05-4650-B9A0-CADA7D7B7588}.Release|ARM.ActiveCfg = Release|Any CPU
		{5EE1F1CA-FA05-4650-B9A0-CADA7D7B7588}.Release|ARM.Build.0 = Release|Any CPU
		{5EE1F1CA-FA05-4650-B9A0-CADA7D7B7588}.Release|x64.ActiveCfg = Release|Any CPU
		{5EE1F1CA-FA05-4650-B9A0-CADA7D7B7588}.Release|x64.Build.0 = Release|Any CPU
		{5EE1F1CA-FA05-4650-B9A0-CADA7D7B7588}.Release|x86.ActiveCfg = Release|Any CPU
		{5EE1F1CA-FA05-4650-B9A0-CADA7D7B7588}.Release|x86.Build.0 = Release|Any CPU
		{0768CBB0-CE67-4160-8C2F-26F840052D1D}.Debug|Any CPU.ActiveCfg = Debug|Any CPU
		{0768CBB0-CE67-4160-8C2F-26F840052D1D}.Debug|Any CPU.Build.0 = Debug|Any CPU
		{0768CBB0-CE67-4160-8C2F-26F840052D1D}.Debug|ARM.ActiveCfg = Debug|Any CPU
		{0768CBB0-CE67-4160-8C2F-26F840052D1D}.Debug|ARM.Build.0 = Debug|Any CPU
		{0768CBB0-CE67-4160-8C2F-26F840052D1D}.Debug|x64.ActiveCfg = Debug|Any CPU
		{0768CBB0-CE67-4160-8C2F-26F840052D1D}.Debug|x64.Build.0 = Debug|Any CPU
		{0768CBB0-CE67-4160-8C2F-26F840052D1D}.Debug|x86.ActiveCfg = Debug|Any CPU
		{0768CBB0-CE67-4160-8C2F-26F840052D1D}.Debug|x86.Build.0 = Debug|Any CPU
		{0768CBB0-CE67-4160-8C2F-26F840052D1D}.Release|Any CPU.ActiveCfg = Release|Any CPU
		{0768CBB0-CE67-4160-8C2F-26F840052D1D}.Release|Any CPU.Build.0 = Release|Any CPU
		{0768CBB0-CE67-4160-8C2F-26F840052D1D}.Release|ARM.ActiveCfg = Release|Any CPU
		{0768CBB0-CE67-4160-8C2F-26F840052D1D}.Release|ARM.Build.0 = Release|Any CPU
		{0768CBB0-CE67-4160-8C2F-26F840052D1D}.Release|x64.ActiveCfg = Release|Any CPU
		{0768CBB0-CE67-4160-8C2F-26F840052D1D}.Release|x64.Build.0 = Release|Any CPU
		{0768CBB0-CE67-4160-8C2F-26F840052D1D}.Release|x86.ActiveCfg = Release|Any CPU
		{0768CBB0-CE67-4160-8C2F-26F840052D1D}.Release|x86.Build.0 = Release|Any CPU
	EndGlobalSection
	GlobalSection(SolutionProperties) = preSolution
		HideSolutionNode = FALSE
	EndGlobalSection
	GlobalSection(NestedProjects) = preSolution
		{5B4705CB-29B2-4AA7-8D5B-FB2F71DB83BA} = {48CA0864-5D68-49EE-99AF-8A812B79ADA6}
		{BA9E676A-7B15-4CDF-AB3B-39DF81F7EDFC} = {48CA0864-5D68-49EE-99AF-8A812B79ADA6}
		{4E2D7246-A113-41BF-AE35-451C08521BA9} = {4E5CD38A-60AD-44FD-B912-3F5E499C67F0}
		{04703A52-3CFF-4C83-ADFD-D3971248250F} = {4890AE76-138C-4CFA-B9A8-23AFFF8A1008}
		{988CC3F0-D60D-4FE8-A549-1AB0252EEA2E} = {4E5CD38A-60AD-44FD-B912-3F5E499C67F0}
		{5EE1F1CA-FA05-4650-B9A0-CADA7D7B7588} = {FCA0BF1B-2341-4F53-9DB9-8A8AFCAECE67}
		{0768CBB0-CE67-4160-8C2F-26F840052D1D} = {FCA0BF1B-2341-4F53-9DB9-8A8AFCAECE67}
	EndGlobalSection
EndGlobal
